
Microsoft Visual Studio Solution File, Format Version 12.00
# Visual Studio Version 16
VisualStudioVersion = 16.0.32106.194
MinimumVisualStudioVersion = 10.0.40219.1
Project("{FAE04EC0-301F-11D3-BF4B-00C04F79EFBC}") = "ConsoleApp48", "ConsoleApp48\ConsoleApp48.csproj", "{AFC27843-F79F-4002-8C14-57BA7FA9D4EB}"
EndProject
Project("{FAE04EC0-301F-11D3-BF4B-00C04F79EFBC}") = "ConsoleApp.Data", "ConsoleApp.Data\ConsoleApp.Data.csproj", "{F165CC44-B66B-4E51-B702-3912C47FB3B9}"
EndProject
Global
	GlobalSection(SolutionConfigurationPlatforms) = preSolution
		Debug|Any CPU = Debug|Any CPU
		Release|Any CPU = Release|Any CPU
	EndGlobalSection
	GlobalSection(ProjectConfigurationPlatforms) = postSolution
		{AFC27843-F79F-4002-8C14-57BA7FA9D4EB}.Debug|Any CPU.ActiveCfg = Debug|Any CPU
		{AFC27843-F79F-4002-8C14-57BA7FA9D4EB}.Debug|Any CPU.Build.0 = Debug|Any CPU
		{AFC27843-F79F-4002-8C14-57BA7FA9D4EB}.Release|Any CPU.ActiveCfg = Release|Any CPU
		{AFC27843-F79F-4002-8C14-57BA7FA9D4EB}.Release|Any CPU.Build.0 = Release|Any CPU
		{F165CC44-B66B-4E51-B702-3912C47FB3B9}.Debug|Any CPU.ActiveCfg = Debug|Any CPU
		{F165CC44-B66B-4E51-B702-3912C47FB3B9}.Debug|Any CPU.Build.0 = Debug|Any CPU
		{F165CC44-B66B-4E51-B702-3912C47FB3B9}.Release|Any CPU.ActiveCfg = Release|Any CPU
		{F165CC44-B66B-4E51-B702-3912C47FB3B9}.Release|Any CPU.Build.0 = Release|Any CPU
	EndGlobalSection
	GlobalSection(SolutionProperties) = preSolution
		HideSolutionNode = FALSE
	EndGlobalSection
	GlobalSection(ExtensibilityGlobals) = postSolution
		SolutionGuid = {0C86B39D-2FE7-4A68-A660-F124D6E4F34B}
	EndGlobalSection
EndGlobal
